{
  "name": "contacts-filter",
  "version": "1.0.0",
  "lockfileVersion": 3,
  "requires": true,
  "packages": {
    "": {
      "name": "contacts-filter",
      "version": "1.0.0",
      "license": "ISC",
      "dependencies": {
        "vcard-parser": "^1.0.0",
        "vcard4": "^4.0.2"
      }
    },
    "node_modules/vcard-parser": {
      "version": "1.0.0",
      "resolved": "https://registry.npmjs.org/vcard-parser/-/vcard-parser-1.0.0.tgz",
      "integrity": "sha512-rSEjrjBK3of4VimMR5vBjLLcN5ZCSp9yuVzyx5i4Fwx74Yd0s+DnHtSit/wAAtj1a7/T/qQc0ykwXADoD0+fTQ==",
      "license": "MIT"
    },
    "node_modules/vcard4": {
      "version": "4.0.2",
      "resolved": "https://registry.npmjs.org/vcard4/-/vcard4-4.0.2.tgz",
      "integrity": "sha512-kVpyQgM7IoNy2VS0Oz7/kW30sFyZTnHXEbhjFoIRPVFo8QOQLzsofRbaFZurlkGXGROU6Ti7Z5ZlhgRCvgSuBA==",
      "license": "ISC"
    }
  }
}
